
Microsoft Visual Studio Solution File, Format Version 12.00
# Visual Studio 15
VisualStudioVersion = 15.0.27004.2009
MinimumVisualStudioVersion = 10.0.40219.1
Project("{FAE04EC0-301F-11D3-BF4B-00C04F79EFBC}") = "EntityFrameworkLite", "EntityFrameworkLite\EntityFrameworkLite.csproj", "{B253679E-D2EF-49DA-B755-ECA7A7C46484}"
EndProject
Project("{FAE04EC0-301F-11D3-BF4B-00C04F79EFBC}") = "EntityFrameworkList.Tests", "EntityFrameworkList.Tests\EntityFrameworkList.Tests.csproj", "{98765CDE-060B-4C26-8F3B-F2E291843CBE}"
EndProject
Project("{FAE04EC0-301F-11D3-BF4B-00C04F79EFBC}") = "EFLonely", "..\EntityFrameworkLonely\EFLonely\EFLonely.csproj", "{A7740310-C108-4D3B-936E-51440BECEEE5}"
EndProject
Global
	GlobalSection(SolutionConfigurationPlatforms) = preSolution
		Debug|Any CPU = Debug|Any CPU
		Release|Any CPU = Release|Any CPU
	EndGlobalSection
	GlobalSection(ProjectConfigurationPlatforms) = postSolution
		{B253679E-D2EF-49DA-B755-ECA7A7C46484}.Debug|Any CPU.ActiveCfg = Debug|Any CPU
		{B253679E-D2EF-49DA-B755-ECA7A7C46484}.Debug|Any CPU.Build.0 = Debug|Any CPU
		{B253679E-D2EF-49DA-B755-ECA7A7C46484}.Release|Any CPU.ActiveCfg = Release|Any CPU
		{B253679E-D2EF-49DA-B755-ECA7A7C46484}.Release|Any CPU.Build.0 = Release|Any CPU
		{98765CDE-060B-4C26-8F3B-F2E291843CBE}.Debug|Any CPU.ActiveCfg = Debug|Any CPU
		{98765CDE-060B-4C26-8F3B-F2E291843CBE}.Debug|Any CPU.Build.0 = Debug|Any CPU
		{98765CDE-060B-4C26-8F3B-F2E291843CBE}.Release|Any CPU.ActiveCfg = Release|Any CPU
		{98765CDE-060B-4C26-8F3B-F2E291843CBE}.Release|Any CPU.Build.0 = Release|Any CPU
		{A7740310-C108-4D3B-936E-51440BECEEE5}.Debug|Any CPU.ActiveCfg = Debug|Any CPU
		{A7740310-C108-4D3B-936E-51440BECEEE5}.Debug|Any CPU.Build.0 = Debug|Any CPU
		{A7740310-C108-4D3B-936E-51440BECEEE5}.Release|Any CPU.ActiveCfg = Release|Any CPU
		{A7740310-C108-4D3B-936E-51440BECEEE5}.Release|Any CPU.Build.0 = Release|Any CPU
	EndGlobalSection
	GlobalSection(SolutionProperties) = preSolution
		HideSolutionNode = FALSE
	EndGlobalSection
	GlobalSection(ExtensibilityGlobals) = postSolution
		SolutionGuid = {36D4B3BE-A8B8-4587-8200-3C1EAEC8DBC3}
	EndGlobalSection
EndGlobal
